
Microsoft Visual Studio Solution File, Format Version 12.00
# Visual Studio 15
VisualStudioVersion = 15.0.28010.2050
MinimumVisualStudioVersion = 10.0.40219.1
Project("{9A19103F-16F7-4668-BE54-9A1E7A4F7556}") = "MTP", "MTP\MTP\MTP.csproj", "{FEFDEB69-46AB-4412-9477-0FB511568FE2}"
EndProject
Project("{FAE04EC0-301F-11D3-BF4B-00C04F79EFBC}") = "MTP.Android", "MTP\MTP.Android\MTP.Android.csproj", "{A28D3429-8A57-45BA-BD7C-ADDD8D8990B0}"
EndProject
Project("{FAE04EC0-301F-11D3-BF4B-00C04F79EFBC}") = "MTP.iOS", "MTP\MTP.iOS\MTP.iOS.csproj", "{35782063-5453-4272-BD79-1B65B1129C38}"
EndProject
Project("{FAE04EC0-301F-11D3-BF4B-00C04F79EFBC}") = "MTP.UWP", "MTP\MTP.UWP\MTP.UWP.csproj", "{022CDAF0-36C5-4803-BBD4-5177A5B4FDB5}"
EndProject
Project("{9A19103F-16F7-4668-BE54-9A1E7A4F7556}") = "weekysoft.store", "MTP\weekysoft.store\weekysoft.store.csproj", "{C96707F0-EC64-424F-A519-14C95E67FB1D}"
EndProject
Project("{9A19103F-16F7-4668-BE54-9A1E7A4F7556}") = "MTP.Migration", "MTP.Migration\MTP.Migration.csproj", "{01873555-EE98-4D8B-84F3-A5FE06117DFB}"
EndProject
Project("{FAE04EC0-301F-11D3-BF4B-00C04F79EFBC}") = "MTP.UnitTests", "MTP.UnitTests\MTP.UnitTests.csproj", "{E0C1F4B1-9FCE-4C13-A136-82EA7A123B32}"
EndProject
Global
	GlobalSection(SolutionConfigurationPlatforms) = preSolution
		Ad-Hoc|Any CPU = Ad-Hoc|Any CPU
		Ad-Hoc|ARM = Ad-Hoc|ARM
		Ad-Hoc|iPhone = Ad-Hoc|iPhone
		Ad-Hoc|iPhoneSimulator = Ad-Hoc|iPhoneSimulator
		Ad-Hoc|x64 = Ad-Hoc|x64
		Ad-Hoc|x86 = Ad-Hoc|x86
		AppStore|Any CPU = AppStore|Any CPU
		AppStore|ARM = AppStore|ARM
		AppStore|iPhone = AppStore|iPhone
		AppStore|iPhoneSimulator = AppStore|iPhoneSimulator
		AppStore|x64 = AppStore|x64
		AppStore|x86 = AppStore|x86
		Debug|Any CPU = Debug|Any CPU
		Debug|ARM = Debug|ARM
		Debug|iPhone = Debug|iPhone
		Debug|iPhoneSimulator = Debug|iPhoneSimulator
		Debug|x64 = Debug|x64
		Debug|x86 = Debug|x86
		Release|Any CPU = Release|Any CPU
		Release|ARM = Release|ARM
		Release|iPhone = Release|iPhone
		Release|iPhoneSimulator = Release|iPhoneSimulator
		Release|x64 = Release|x64
		Release|x86 = Release|x86
	EndGlobalSection
	GlobalSection(ProjectConfigurationPlatforms) = postSolution
		{FEFDEB69-46AB-4412-9477-0FB511568FE2}.Ad-Hoc|Any CPU.ActiveCfg = Debug|Any CPU
		{FEFDEB69-46AB-4412-9477-0FB511568FE2}.Ad-Hoc|Any CPU.Build.0 = Debug|Any CPU
		{FEFDEB69-46AB-4412-9477-0FB511568FE2}.Ad-Hoc|ARM.ActiveCfg = Debug|Any CPU
		{FEFDEB69-46AB-4412-9477-0FB511568FE2}.Ad-Hoc|ARM.Build.0 = Debug|Any CPU
		{FEFDEB69-46AB-4412-9477-0FB511568FE2}.Ad-Hoc|iPhone.ActiveCfg = Debug|Any CPU
		{FEFDEB69-46AB-4412-9477-0FB511568FE2}.Ad-Hoc|iPhone.Build.0 = Debug|Any CPU
		{FEFDEB69-46AB-4412-9477-0FB511568FE2}.Ad-Hoc|iPhoneSimulator.ActiveCfg = Debug|Any CPU
		{FEFDEB69-46AB-4412-9477-0FB511568FE2}.Ad-Hoc|iPhoneSimulator.Build.0 = Debug|Any CPU
		{FEFDEB69-46AB-4412-9477-0FB511568FE2}.Ad-Hoc|x64.ActiveCfg = Debug|Any CPU
		{FEFDEB69-46AB-4412-9477-0FB511568FE2}.Ad-Hoc|x64.Build.0 = Debug|Any CPU
		{FEFDEB69-46AB-4412-9477-0FB511568FE2}.Ad-Hoc|x86.ActiveCfg = Debug|Any CPU
		{FEFDEB69-46AB-4412-9477-0FB511568FE2}.Ad-Hoc|x86.Build.0 = Debug|Any CPU
		{FEFDEB69-46AB-4412-9477-0FB511568FE2}.AppStore|Any CPU.ActiveCfg = Debug|Any CPU
		{FEFDEB69-46AB-4412-9477-0FB511568FE2}.AppStore|Any CPU.Build.0 = Debug|Any CPU
		{FEFDEB69-46AB-4412-9477-0FB511568FE2}.AppStore|ARM.ActiveCfg = Debug|Any CPU
		{FEFDEB69-46AB-4412-9477-0FB511568FE2}.AppStore|ARM.Build.0 = Debug|Any CPU
		{FEFDEB69-46AB-4412-9477-0FB511568FE2}.AppStore|iPhone.ActiveCfg = Debug|Any CPU
		{FEFDEB69-46AB-4412-9477-0FB511568FE2}.AppStore|iPhone.Build.0 = Debug|Any CPU
		{FEFDEB69-46AB-4412-9477-0FB511568FE2}.AppStore|iPhoneSimulator.ActiveCfg = Debug|Any CPU
		{FEFDEB69-46AB-4412-9477-0FB511568FE2}.AppStore|iPhoneSimulator.Build.0 = Debug|Any CPU
		{FEFDEB69-46AB-4412-9477-0FB511568FE2}.AppStore|x64.ActiveCfg = Debug|Any CPU
		{FEFDEB69-46AB-4412-9477-0FB511568FE2}.AppStore|x64.Build.0 = Debug|Any CPU
		{FEFDEB69-46AB-4412-9477-0FB511568FE2}.AppStore|x86.ActiveCfg = Debug|Any CPU
		{FEFDEB69-46AB-4412-9477-0FB511568FE2}.AppStore|x86.Build.0 = Debug|Any CPU
		{FEFDEB69-46AB-4412-9477-0FB511568FE2}.Debug|Any CPU.ActiveCfg = Debug|Any CPU
		{FEFDEB69-46AB-4412-9477-0FB511568FE2}.Debug|Any CPU.Build.0 = Debug|Any CPU
		{FEFDEB69-46AB-4412-9477-0FB511568FE2}.Debug|ARM.ActiveCfg = Debug|Any CPU
		{FEFDEB69-46AB-4412-9477-0FB511568FE2}.Debug|ARM.Build.0 = Debug|Any CPU
		{FEFDEB69-46AB-4412-9477-0FB511568FE2}.Debug|iPhone.ActiveCfg = Debug|Any CPU
		{FEFDEB69-46AB-4412-9477-0FB511568FE2}.Debug|iPhone.Build.0 = Debug|Any CPU
		{FEFDEB69-46AB-4412-9477-0FB511568FE2}.Debug|iPhoneSimulator.ActiveCfg = Debug|Any CPU
		{FEFDEB69-46AB-4412-9477-0FB511568FE2}.Debug|iPhoneSimulator.Build.0 = Debug|Any CPU
		{FEFDEB69-46AB-4412-9477-0FB511568FE2}.Debug|x64.ActiveCfg = Debug|Any CPU
		{FEFDEB69-46AB-4412-9477-0FB511568FE2}.Debug|x64.Build.0 = Debug|Any CPU
		{FEFDEB69-46AB-4412-9477-0FB511568FE2}.Debug|x86.ActiveCfg = Debug|Any CPU
		{FEFDEB69-46AB-4412-9477-0FB511568FE2}.Debug|x86.Build.0 = Debug|Any CPU
		{FEFDEB69-46AB-4412-9477-0FB511568FE2}.Release|Any CPU.ActiveCfg = Release|Any CPU
		{FEFDEB69-46AB-4412-9477-0FB511568FE2}.Release|Any CPU.Build.0 = Release|Any CPU
		{FEFDEB69-46AB-4412-9477-0FB511568FE2}.Release|ARM.ActiveCfg = Release|Any CPU
		{FEFDEB69-46AB-4412-9477-0FB511568FE2}.Release|ARM.Build.0 = Release|Any CPU
		{FEFDEB69-46AB-4412-9477-0FB511568FE2}.Release|iPhone.ActiveCfg = Release|Any CPU
		{FEFDEB69-46AB-4412-9477-0FB511568FE2}.Release|iPhone.Build.0 = Release|Any CPU
		{FEFDEB69-46AB-4412-9477-0FB511568FE2}.Release|iPhoneSimulator.ActiveCfg = Release|Any CPU
		{FEFDEB69-46AB-4412-9477-0FB511568FE2}.Release|iPhoneSimulator.Build.0 = Release|Any CPU
		{FEFDEB69-46AB-4412-9477-0FB511568FE2}.Release|x64.ActiveCfg = Release|Any CPU
		{FEFDEB69-46AB-4412-9477-0FB511568FE2}.Release|x64.Build.0 = Release|Any CPU
		{FEFDEB69-46AB-4412-9477-0FB511568FE2}.Release|x86.ActiveCfg = Release|Any CPU
		{FEFDEB69-46AB-4412-9477-0FB511568FE2}.Release|x86.Build.0 = Release|Any CPU
		{A28D3429-8A57-45BA-BD7C-ADDD8D8990B0}.Ad-Hoc|Any CPU.ActiveCfg = Release|Any CPU
		{A28D3429-8A57-45BA-BD7C-ADDD8D8990B0}.Ad-Hoc|Any CPU.Build.0 = Release|Any CPU
		{A28D3429-8A57-45BA-BD7C-ADDD8D8990B0}.Ad-Hoc|Any CPU.Deploy.0 = Release|Any CPU
		{A28D3429-8A57-45BA-BD7C-ADDD8D8990B0}.Ad-Hoc|ARM.ActiveCfg = Release|Any CPU
		{A28D3429-8A57-45BA-BD7C-ADDD8D8990B0}.Ad-Hoc|ARM.Build.0 = Release|Any CPU
		{A28D3429-8A57-45BA-BD7C-ADDD8D8990B0}.Ad-Hoc|ARM.Deploy.0 = Release|Any CPU
		{A28D3429-8A57-45BA-BD7C-ADDD8D8990B0}.Ad-Hoc|iPhone.ActiveCfg = Release|Any CPU
		{A28D3429-8A57-45BA-BD7C-ADDD8D8990B0}.Ad-Hoc|iPhone.Build.0 = Release|Any CPU
		{A28D3429-8A57-45BA-BD7C-ADDD8D8990B0}.Ad-Hoc|iPhone.Deploy.0 = Release|Any CPU
		{A28D3429-8A57-45BA-BD7C-ADDD8D8990B0}.Ad-Hoc|iPhoneSimulator.ActiveCfg = Release|Any CPU
		{A28D3429-8A57-45BA-BD7C-ADDD8D8990B0}.Ad-Hoc|iPhoneSimulator.Build.0 = Release|Any CPU
		{A28D3429-8A57-45BA-BD7C-ADDD8D8990B0}.Ad-Hoc|iPhoneSimulator.Deploy.0 = Release|Any CPU
		{A28D3429-8A57-45BA-BD7C-ADDD8D8990B0}.Ad-Hoc|x64.ActiveCfg = Release|Any CPU
		{A28D3429-8A57-45BA-BD7C-ADDD8D8990B0}.Ad-Hoc|x64.Build.0 = Release|Any CPU
		{A28D3429-8A57-45BA-BD7C-ADDD8D8990B0}.Ad-Hoc|x64.Deploy.0 = Release|Any CPU
		{A28D3429-8A57-45BA-BD7C-ADDD8D8990B0}.Ad-Hoc|x86.ActiveCfg = Release|Any CPU
		{A28D3429-8A57-45BA-BD7C-ADDD8D8990B0}.Ad-Hoc|x86.Build.0 = Release|Any CPU
		{A28D3429-8A57-45BA-BD7C-ADDD8D8990B0}.Ad-Hoc|x86.Deploy.0 = Release|Any CPU
		{A28D3429-8A57-45BA-BD7C-ADDD8D8990B0}.AppStore|Any CPU.ActiveCfg = Release|Any CPU
		{A28D3429-8A57-45BA-BD7C-ADDD8D8990B0}.AppStore|Any CPU.Build.0 = Release|Any CPU
		{A28D3429-8A57-45BA-BD7C-ADDD8D8990B0}.AppStore|Any CPU.Deploy.0 = Release|Any CPU
		{A28D3429-8A57-45BA-BD7C-ADDD8D8990B0}.AppStore|ARM.ActiveCfg = Release|Any CPU
		{A28D3429-8A57-45BA-BD7C-ADDD8D8990B0}.AppStore|ARM.Build.0 = Release|Any CPU
		{A28D3429-8A57-45BA-BD7C-ADDD8D8990B0}.AppStore|ARM.Deploy.0 = Release|Any CPU
		{A28D3429-8A57-45BA-BD7C-ADDD8D8990B0}.AppStore|iPhone.ActiveCfg = Release|Any CPU
		{A28D3429-8A57-45BA-BD7C-ADDD8D8990B0}.AppStore|iPhone.Build.0 = Release|Any CPU
		{A28D3429-8A57-45BA-BD7C-ADDD8D8990B0}.AppStore|iPhone.Deploy.0 = Release|Any CPU
		{A28D3429-8A57-45BA-BD7C-ADDD8D8990B0}.AppStore|iPhoneSimulator.ActiveCfg = Release|Any CPU
		{A28D3429-8A57-45BA-BD7C-ADDD8D8990B0}.AppStore|iPhoneSimulator.Build.0 = Release|Any CPU
		{A28D3429-8A57-45BA-BD7C-ADDD8D8990B0}.AppStore|iPhoneSimulator.Deploy.0 = Release|Any CPU
		{A28D3429-8A57-45BA-BD7C-ADDD8D8990B0}.AppStore|x64.ActiveCfg = Release|Any CPU
		{A28D3429-8A57-45BA-BD7C-ADDD8D8990B0}.AppStore|x64.Build.0 = Release|Any CPU
		{A28D3429-8A57-45BA-BD7C-ADDD8D8990B0}.AppStore|x64.Deploy.0 = Release|Any CPU
		{A28D3429-8A57-45BA-BD7C-ADDD8D8990B0}.AppStore|x86.ActiveCfg = Release|Any CPU
		{A28D3429-8A57-45BA-BD7C-ADDD8D8990B0}.AppStore|x86.Build.0 = Release|Any CPU
		{A28D3429-8A57-45BA-BD7C-ADDD8D8990B0}.AppStore|x86.Deploy.0 = Release|Any CPU
		{A28D3429-8A57-45BA-BD7C-ADDD8D8990B0}.Debug|Any CPU.ActiveCfg = Debug|Any CPU
		{A28D3429-8A57-45BA-BD7C-ADDD8D8990B0}.Debug|Any CPU.Build.0 = Debug|Any CPU
		{A28D3429-8A57-45BA-BD7C-ADDD8D8990B0}.Debug|Any CPU.Deploy.0 = Debug|Any CPU
		{A28D3429-8A57-45BA-BD7C-ADDD8D8990B0}.Debug|ARM.ActiveCfg = Debug|Any CPU
		{A28D3429-8A57-45BA-BD7C-ADDD8D8990B0}.Debug|ARM.Build.0 = Debug|Any CPU
		{A28D3429-8A57-45BA-BD7C-ADDD8D8990B0}.Debug|ARM.Deploy.0 = Debug|Any CPU
		{A28D3429-8A57-45BA-BD7C-ADDD8D8990B0}.Debug|iPhone.ActiveCfg = Debug|Any CPU
		{A28D3429-8A57-45BA-BD7C-ADDD8D8990B0}.Debug|iPhone.Build.0 = Debug|Any CPU
		{A28D3429-8A57-45BA-BD7C-ADDD8D8990B0}.Debug|iPhone.Deploy.0 = Debug|Any CPU
		{A28D3429-8A57-45BA-BD7C-ADDD8D8990B0}.Debug|iPhoneSimulator.ActiveCfg = Debug|Any CPU
		{A28D3429-8A57-45BA-BD7C-ADDD8D8990B0}.Debug|iPhoneSimulator.Build.0 = Debug|Any CPU
		{A28D3429-8A57-45BA-BD7C-ADDD8D8990B0}.Debug|iPhoneSimulator.Deploy.0 = Debug|Any CPU
		{A28D3429-8A57-45BA-BD7C-ADDD8D8990B0}.Debug|x64.ActiveCfg = Debug|Any CPU
		{A28D3429-8A57-45BA-BD7C-ADDD8D8990B0}.Debug|x64.Build.0 = Debug|Any CPU
		{A28D3429-8A57-45BA-BD7C-ADDD8D8990B0}.Debug|x64.Deploy.0 = Debug|Any CPU
		{A28D3429-8A57-45BA-BD7C-ADDD8D8990B0}.Debug|x86.ActiveCfg = Debug|Any CPU
		{A28D3429-8A57-45BA-BD7C-ADDD8D8990B0}.Debug|x86.Build.0 = Debug|Any CPU
		{A28D3429-8A57-45BA-BD7C-ADDD8D8990B0}.Debug|x86.Deploy.0 = Debug|Any CPU
		{A28D3429-8A57-45BA-BD7C-ADDD8D8990B0}.Release|Any CPU.ActiveCfg = Release|Any CPU
		{A28D3429-8A57-45BA-BD7C-ADDD8D8990B0}.Release|Any CPU.Build.0 = Release|Any CPU
		{A28D3429-8A57-45BA-BD7C-ADDD8D8990B0}.Release|Any CPU.Deploy.0 = Release|Any CPU
		{A28D3429-8A57-45BA-BD7C-ADDD8D8990B0}.Release|ARM.ActiveCfg = Release|Any CPU
		{A28D3429-8A57-45BA-BD7C-ADDD8D8990B0}.Release|ARM.Build.0 = Release|Any CPU
		{A28D3429-8A57-45BA-BD7C-ADDD8D8990B0}.Release|ARM.Deploy.0 = Release|Any CPU
		{A28D3429-8A57-45BA-BD7C-ADDD8D8990B0}.Release|iPhone.ActiveCfg = Release|Any CPU
		{A28D3429-8A57-45BA-BD7C-ADDD8D8990B0}.Release|iPhone.Build.0 = Release|Any CPU
		{A28D3429-8A57-45BA-BD7C-ADDD8D8990B0}.Release|iPhone.Deploy.0 = Release|Any CPU
		{A28D3429-8A57-45BA-BD7C-ADDD8D8990B0}.Release|iPhoneSimulator.ActiveCfg = Release|Any CPU
		{A28D3429-8A57-45BA-BD7C-ADDD8D8990B0}.Release|iPhoneSimulator.Build.0 = Release|Any CPU
		{A28D3429-8A57-45BA-BD7C-ADDD8D8990B0}.Release|iPhoneSimulator.Deploy.0 = Release|Any CPU
		{A28D3429-8A57-45BA-BD7C-ADDD8D8990B0}.Release|x64.ActiveCfg = Release|Any CPU
		{A28D3429-8A57-45BA-BD7C-ADDD8D8990B0}.Release|x64.Build.0 = Release|Any CPU
		{A28D3429-8A57-45BA-BD7C-ADDD8D8990B0}.Release|x64.Deploy.0 = Release|Any CPU
		{A28D3429-8A57-45BA-BD7C-ADDD8D8990B0}.Release|x86.ActiveCfg = Release|Any CPU
		{A28D3429-8A57-45BA-BD7C-ADDD8D8990B0}.Release|x86.Build.0 = Release|Any CPU
		{A28D3429-8A57-45BA-BD7C-ADDD8D8990B0}.Release|x86.Deploy.0 = Release|Any CPU
		{35782063-5453-4272-BD79-1B65B1129C38}.Ad-Hoc|Any CPU.ActiveCfg = Ad-Hoc|iPhone
		{35782063-5453-4272-BD79-1B65B1129C38}.Ad-Hoc|ARM.ActiveCfg = Ad-Hoc|iPhone
		{35782063-5453-4272-BD79-1B65B1129C38}.Ad-Hoc|iPhone.ActiveCfg = Ad-Hoc|iPhone
		{35782063-5453-4272-BD79-1B65B1129C38}.Ad-Hoc|iPhone.Build.0 = Ad-Hoc|iPhone
		{35782063-5453-4272-BD79-1B65B1129C38}.Ad-Hoc|iPhoneSimulator.ActiveCfg = Ad-Hoc|iPhoneSimulator
		{35782063-5453-4272-BD79-1B65B1129C38}.Ad-Hoc|iPhoneSimulator.Build.0 = Ad-Hoc|iPhoneSimulator
		{35782063-5453-4272-BD79-1B65B1129C38}.Ad-Hoc|x64.ActiveCfg = Ad-Hoc|iPhone
		{35782063-5453-4272-BD79-1B65B1129C38}.Ad-Hoc|x86.ActiveCfg = Ad-Hoc|iPhone
		{35782063-5453-4272-BD79-1B65B1129C38}.AppStore|Any CPU.ActiveCfg = AppStore|iPhone
		{35782063-5453-4272-BD79-1B65B1129C38}.AppStore|ARM.ActiveCfg = AppStore|iPhone
		{35782063-5453-4272-BD79-1B65B1129C38}.AppStore|iPhone.ActiveCfg = AppStore|iPhone
		{35782063-5453-4272-BD79-1B65B1129C38}.AppStore|iPhone.Build.0 = AppStore|iPhone
		{35782063-5453-4272-BD79-1B65B1129C38}.AppStore|iPhoneSimulator.ActiveCfg = AppStore|iPhoneSimulator
		{35782063-5453-4272-BD79-1B65B1129C38}.AppStore|iPhoneSimulator.Build.0 = AppStore|iPhoneSimulator
		{35782063-5453-4272-BD79-1B65B1129C38}.AppStore|x64.ActiveCfg = AppStore|iPhone
		{35782063-5453-4272-BD79-1B65B1129C38}.AppStore|x86.ActiveCfg = AppStore|iPhone
		{35782063-5453-4272-BD79-1B65B1129C38}.Debug|Any CPU.ActiveCfg = Debug|iPhone
		{35782063-5453-4272-BD79-1B65B1129C38}.Debug|ARM.ActiveCfg = Debug|iPhone
		{35782063-5453-4272-BD79-1B65B1129C38}.Debug|iPhone.ActiveCfg = Debug|iPhone
		{35782063-5453-4272-BD79-1B65B1129C38}.Debug|iPhone.Build.0 = Debug|iPhone
		{35782063-5453-4272-BD79-1B65B1129C38}.Debug|iPhoneSimulator.ActiveCfg = Debug|iPhoneSimulator
		{35782063-5453-4272-BD79-1B65B1129C38}.Debug|iPhoneSimulator.Build.0 = Debug|iPhoneSimulator
		{35782063-5453-4272-BD79-1B65B1129C38}.Debug|x64.ActiveCfg = Debug|iPhone
		{35782063-5453-4272-BD79-1B65B1129C38}.Debug|x86.ActiveCfg = Debug|iPhone
		{35782063-5453-4272-BD79-1B65B1129C38}.Release|Any CPU.ActiveCfg = Release|iPhone
		{35782063-5453-4272-BD79-1B65B1129C38}.Release|ARM.ActiveCfg = Release|iPhone
		{35782063-5453-4272-BD79-1B65B1129C38}.Release|iPhone.ActiveCfg = Release|iPhone
		{35782063-5453-4272-BD79-1B65B1129C38}.Release|iPhone.Build.0 = Release|iPhone
		{35782063-5453-4272-BD79-1B65B1129C38}.Release|iPhoneSimulator.ActiveCfg = Release|iPhoneSimulator
		{35782063-5453-4272-BD79-1B65B1129C38}.Release|iPhoneSimulator.Build.0 = Release|iPhoneSimulator
		{35782063-5453-4272-BD79-1B65B1129C38}.Release|x64.ActiveCfg = Release|iPhone
		{35782063-5453-4272-BD79-1B65B1129C38}.Release|x86.ActiveCfg = Release|iPhone
		{022CDAF0-36C5-4803-BBD4-5177A5B4FDB5}.Ad-Hoc|Any CPU.ActiveCfg = Release|x86
		{022CDAF0-36C5-4803-BBD4-5177A5B4FDB5}.Ad-Hoc|Any CPU.Build.0 = Release|x86
		{022CDAF0-36C5-4803-BBD4-5177A5B4FDB5}.Ad-Hoc|Any CPU.Deploy.0 = Release|x86
		{022CDAF0-36C5-4803-BBD4-5177A5B4FDB5}.Ad-Hoc|ARM.ActiveCfg = Release|ARM
		{022CDAF0-36C5-4803-BBD4-5177A5B4FDB5}.Ad-Hoc|ARM.Build.0 = Release|ARM
		{022CDAF0-36C5-4803-BBD4-5177A5B4FDB5}.Ad-Hoc|ARM.Deploy.0 = Release|ARM
		{022CDAF0-36C5-4803-BBD4-5177A5B4FDB5}.Ad-Hoc|iPhone.ActiveCfg = Release|x86
		{022CDAF0-36C5-4803-BBD4-5177A5B4FDB5}.Ad-Hoc|iPhone.Build.0 = Release|x86
		{022CDAF0-36C5-4803-BBD4-5177A5B4FDB5}.Ad-Hoc|iPhone.Deploy.0 = Release|x86
		{022CDAF0-36C5-4803-BBD4-5177A5B4FDB5}.Ad-Hoc|iPhoneSimulator.ActiveCfg = Release|x86
		{022CDAF0-36C5-4803-BBD4-5177A5B4FDB5}.Ad-Hoc|iPhoneSimulator.Build.0 = Release|x86
		{022CDAF0-36C5-4803-BBD4-5177A5B4FDB5}.Ad-Hoc|iPhoneSimulator.Deploy.0 = Release|x86
		{022CDAF0-36C5-4803-BBD4-5177A5B4FDB5}.Ad-Hoc|x64.ActiveCfg = Release|x64
		{022CDAF0-36C5-4803-BBD4-5177A5B4FDB5}.Ad-Hoc|x64.Build.0 = Release|x64
		{022CDAF0-36C5-4803-BBD4-5177A5B4FDB5}.Ad-Hoc|x64.Deploy.0 = Release|x64
		{022CDAF0-36C5-4803-BBD4-5177A5B4FDB5}.Ad-Hoc|x86.ActiveCfg = Release|x86
		{022CDAF0-36C5-4803-BBD4-5177A5B4FDB5}.Ad-Hoc|x86.Build.0 = Release|x86
		{022CDAF0-36C5-4803-BBD4-5177A5B4FDB5}.Ad-Hoc|x86.Deploy.0 = Release|x86
		{022CDAF0-36C5-4803-BBD4-5177A5B4FDB5}.AppStore|Any CPU.ActiveCfg = Release|x86
		{022CDAF0-36C5-4803-BBD4-5177A5B4FDB5}.AppStore|Any CPU.Build.0 = Release|x86
		{022CDAF0-36C5-4803-BBD4-5177A5B4FDB5}.AppStore|Any CPU.Deploy.0 = Release|x86
		{022CDAF0-36C5-4803-BBD4-5177A5B4FDB5}.AppStore|ARM.ActiveCfg = Release|ARM
		{022CDAF0-36C5-4803-BBD4-5177A5B4FDB5}.AppStore|ARM.Build.0 = Release|ARM
		{022CDAF0-36C5-4803-BBD4-5177A5B4FDB5}.AppStore|ARM.Deploy.0 = Release|ARM
		{022CDAF0-36C5-4803-BBD4-5177A5B4FDB5}.AppStore|iPhone.ActiveCfg = Release|x86
		{022CDAF0-36C5-4803-BBD4-5177A5B4FDB5}.AppStore|iPhone.Build.0 = Release|x86
		{022CDAF0-36C5-4803-BBD4-5177A5B4FDB5}.AppStore|iPhone.Deploy.0 = Release|x86
		{022CDAF0-36C5-4803-BBD4-5177A5B4FDB5}.AppStore|iPhoneSimulator.ActiveCfg = Release|x86
		{022CDAF0-36C5-4803-BBD4-5177A5B4FDB5}.AppStore|iPhoneSimulator.Build.0 = Release|x86
		{022CDAF0-36C5-4803-BBD4-5177A5B4FDB5}.AppStore|iPhoneSimulator.Deploy.0 = Release|x86
		{022CDAF0-36C5-4803-BBD4-5177A5B4FDB5}.AppStore|x64.ActiveCfg = Release|x64
		{022CDAF0-36C5-4803-BBD4-5177A5B4FDB5}.AppStore|x64.Build.0 = Release|x64
		{022CDAF0-36C5-4803-BBD4-5177A5B4FDB5}.AppStore|x64.Deploy.0 = Release|x64
		{022CDAF0-36C5-4803-BBD4-5177A5B4FDB5}.AppStore|x86.ActiveCfg = Release|x86
		{022CDAF0-36C5-4803-BBD4-5177A5B4FDB5}.AppStore|x86.Build.0 = Release|x86
		{022CDAF0-36C5-4803-BBD4-5177A5B4FDB5}.AppStore|x86.Deploy.0 = Release|x86
		{022CDAF0-36C5-4803-BBD4-5177A5B4FDB5}.Debug|Any CPU.ActiveCfg = Debug|x86
		{022CDAF0-36C5-4803-BBD4-5177A5B4FDB5}.Debug|ARM.ActiveCfg = Debug|ARM
		{022CDAF0-36C5-4803-BBD4-5177A5B4FDB5}.Debug|ARM.Build.0 = Debug|ARM
		{022CDAF0-36C5-4803-BBD4-5177A5B4FDB5}.Debug|ARM.Deploy.0 = Debug|ARM
		{022CDAF0-36C5-4803-BBD4-5177A5B4FDB5}.Debug|iPhone.ActiveCfg = Debug|x86
		{022CDAF0-36C5-4803-BBD4-5177A5B4FDB5}.Debug|iPhoneSimulator.ActiveCfg = Debug|x86
		{022CDAF0-36C5-4803-BBD4-5177A5B4FDB5}.Debug|x64.ActiveCfg = Debug|x64
		{022CDAF0-36C5-4803-BBD4-5177A5B4FDB5}.Debug|x64.Build.0 = Debug|x64
		{022CDAF0-36C5-4803-BBD4-5177A5B4FDB5}.Debug|x64.Deploy.0 = Debug|x64
		{022CDAF0-36C5-4803-BBD4-5177A5B4FDB5}.Debug|x86.ActiveCfg = Debug|x86
		{022CDAF0-36C5-4803-BBD4-5177A5B4FDB5}.Debug|x86.Build.0 = Debug|x86
		{022CDAF0-36C5-4803-BBD4-5177A5B4FDB5}.Debug|x86.Deploy.0 = Debug|x86
		{022CDAF0-36C5-4803-BBD4-5177A5B4FDB5}.Release|Any CPU.ActiveCfg = Release|x86
		{022CDAF0-36C5-4803-BBD4-5177A5B4FDB5}.Release|ARM.ActiveCfg = Release|ARM
		{022CDAF0-36C5-4803-BBD4-5177A5B4FDB5}.Release|ARM.Build.0 = Release|ARM
		{022CDAF0-36C5-4803-BBD4-5177A5B4FDB5}.Release|ARM.Deploy.0 = Release|ARM
		{022CDAF0-36C5-4803-BBD4-5177A5B4FDB5}.Release|iPhone.ActiveCfg = Release|x86
		{022CDAF0-36C5-4803-BBD4-5177A5B4FDB5}.Release|iPhoneSimulator.ActiveCfg = Release|x86
		{022CDAF0-36C5-4803-BBD4-5177A5B4FDB5}.Release|x64.ActiveCfg = Release|x64
		{022CDAF0-36C5-4803-BBD4-5177A5B4FDB5}.Release|x64.Build.0 = Release|x64
		{022CDAF0-36C5-4803-BBD4-5177A5B4FDB5}.Release|x64.Deploy.0 = Release|x64
		{022CDAF0-36C5-4803-BBD4-5177A5B4FDB5}.Release|x86.ActiveCfg = Release|x86
		{022CDAF0-36C5-4803-BBD4-5177A5B4FDB5}.Release|x86.Build.0 = Release|x86
		{022CDAF0-36C5-4803-BBD4-5177A5B4FDB5}.Release|x86.Deploy.0 = Release|x86
		{C96707F0-EC64-424F-A519-14C95E67FB1D}.Ad-Hoc|Any CPU.ActiveCfg = Release|Any CPU
		{C96707F0-EC64-424F-A519-14C95E67FB1D}.Ad-Hoc|Any CPU.Build.0 = Release|Any CPU
		{C96707F0-EC64-424F-A519-14C95E67FB1D}.Ad-Hoc|ARM.ActiveCfg = Release|Any CPU
		{C96707F0-EC64-424F-A519-14C95E67FB1D}.Ad-Hoc|ARM.Build.0 = Release|Any CPU
		{C96707F0-EC64-424F-A519-14C95E67FB1D}.Ad-Hoc|iPhone.ActiveCfg = Release|Any CPU
		{C96707F0-EC64-424F-A519-14C95E67FB1D}.Ad-Hoc|iPhone.Build.0 = Release|Any CPU
		{C96707F0-EC64-424F-A519-14C95E67FB1D}.Ad-Hoc|iPhoneSimulator.ActiveCfg = Release|Any CPU
		{C96707F0-EC64-424F-A519-14C95E67FB1D}.Ad-Hoc|iPhoneSimulator.Build.0 = Release|Any CPU
		{C96707F0-EC64-424F-A519-14C95E67FB1D}.Ad-Hoc|x64.ActiveCfg = Release|Any CPU
		{C96707F0-EC64-424F-A519-14C95E67FB1D}.Ad-Hoc|x64.Build.0 = Release|Any CPU
		{C96707F0-EC64-424F-A519-14C95E67FB1D}.Ad-Hoc|x86.ActiveCfg = Release|Any CPU
		{C96707F0-EC64-424F-A519-14C95E67FB1D}.Ad-Hoc|x86.Build.0 = Release|Any CPU
		{C96707F0-EC64-424F-A519-14C95E67FB1D}.AppStore|Any CPU.ActiveCfg = Release|Any CPU
		{C96707F0-EC64-424F-A519-14C95E67FB1D}.AppStore|Any CPU.Build.0 = Release|Any CPU
		{C96707F0-EC64-424F-A519-14C95E67FB1D}.AppStore|ARM.ActiveCfg = Release|Any CPU
		{C96707F0-EC64-424F-A519-14C95E67FB1D}.AppStore|ARM.Build.0 = Release|Any CPU
		{C96707F0-EC64-424F-A519-14C95E67FB1D}.AppStore|iPhone.ActiveCfg = Release|Any CPU
		{C96707F0-EC64-424F-A519-14C95E67FB1D}.AppStore|iPhone.Build.0 = Release|Any CPU
		{C96707F0-EC64-424F-A519-14C95E67FB1D}.AppStore|iPhoneSimulator.ActiveCfg = Release|Any CPU
		{C96707F0-EC64-424F-A519-14C95E67FB1D}.AppStore|iPhoneSimulator.Build.0 = Release|Any CPU
		{C96707F0-EC64-424F-A519-14C95E67FB1D}.AppStore|x64.ActiveCfg = Release|Any CPU
		{C96707F0-EC64-424F-A519-14C95E67FB1D}.AppStore|x64.Build.0 = Release|Any CPU
		{C96707F0-EC64-424F-A519-14C95E67FB1D}.AppStore|x86.ActiveCfg = Release|Any CPU
		{C96707F0-EC64-424F-A519-14C95E67FB1D}.AppStore|x86.Build.0 = Release|Any CPU
		{C96707F0-EC64-424F-A519-14C95E67FB1D}.Debug|Any CPU.ActiveCfg = Debug|Any CPU
		{C96707F0-EC64-424F-A519-14C95E67FB1D}.Debug|Any CPU.Build.0 = Debug|Any CPU
		{C96707F0-EC64-424F-A519-14C95E67FB1D}.Debug|ARM.ActiveCfg = Debug|Any CPU
		{C96707F0-EC64-424F-A519-14C95E67FB1D}.Debug|ARM.Build.0 = Debug|Any CPU
		{C96707F0-EC64-424F-A519-14C95E67FB1D}.Debug|iPhone.ActiveCfg = Debug|Any CPU
		{C96707F0-EC64-424F-A519-14C95E67FB1D}.Debug|iPhone.Build.0 = Debug|Any CPU
		{C96707F0-EC64-424F-A519-14C95E67FB1D}.Debug|iPhoneSimulator.ActiveCfg = Debug|Any CPU
		{C96707F0-EC64-424F-A519-14C95E67FB1D}.Debug|iPhoneSimulator.Build.0 = Debug|Any CPU
		{C96707F0-EC64-424F-A519-14C95E67FB1D}.Debug|x64.ActiveCfg = Debug|Any CPU
		{C96707F0-EC64-424F-A519-14C95E67FB1D}.Debug|x64.Build.0 = Debug|Any CPU
		{C96707F0-EC64-424F-A519-14C95E67FB1D}.Debug|x86.ActiveCfg = Debug|Any CPU
		{C96707F0-EC64-424F-A519-14C95E67FB1D}.Debug|x86.Build.0 = Debug|Any CPU
		{C96707F0-EC64-424F-A519-14C95E67FB1D}.Release|Any CPU.ActiveCfg = Release|Any CPU
		{C96707F0-EC64-424F-A519-14C95E67FB1D}.Release|Any CPU.Build.0 = Release|Any CPU
		{C96707F0-EC64-424F-A519-14C95E67FB1D}.Release|ARM.ActiveCfg = Release|Any CPU
		{C96707F0-EC64-424F-A519-14C95E67FB1D}.Release|ARM.Build.0 = Release|Any CPU
		{C96707F0-EC64-424F-A519-14C95E67FB1D}.Release|iPhone.ActiveCfg = Release|Any CPU
		{C96707F0-EC64-424F-A519-14C95E67FB1D}.Release|iPhone.Build.0 = Release|Any CPU
		{C96707F0-EC64-424F-A519-14C95E67FB1D}.Release|iPhoneSimulator.ActiveCfg = Release|Any CPU
		{C96707F0-EC64-424F-A519-14C95E67FB1D}.Release|iPhoneSimulator.Build.0 = Release|Any CPU
		{C96707F0-EC64-424F-A519-14C95E67FB1D}.Release|x64.ActiveCfg = Release|Any CPU
		{C96707F0-EC64-424F-A519-14C95E67FB1D}.Release|x64.Build.0 = Release|Any CPU
		{C96707F0-EC64-424F-A519-14C95E67FB1D}.Release|x86.ActiveCfg = Release|Any CPU
		{C96707F0-EC64-424F-A519-14C95E67FB1D}.Release|x86.Build.0 = Release|Any CPU
		{01873555-EE98-4D8B-84F3-A5FE06117DFB}.Ad-Hoc|Any CPU.ActiveCfg = Debug|Any CPU
		{01873555-EE98-4D8B-84F3-A5FE06117DFB}.Ad-Hoc|Any CPU.Build.0 = Debug|Any CPU
		{01873555-EE98-4D8B-84F3-A5FE06117DFB}.Ad-Hoc|ARM.ActiveCfg = Debug|Any CPU
		{01873555-EE98-4D8B-84F3-A5FE06117DFB}.Ad-Hoc|ARM.Build.0 = Debug|Any CPU
		{01873555-EE98-4D8B-84F3-A5FE06117DFB}.Ad-Hoc|iPhone.ActiveCfg = Debug|Any CPU
		{01873555-EE98-4D8B-84F3-A5FE06117DFB}.Ad-Hoc|iPhone.Build.0 = Debug|Any CPU
		{01873555-EE98-4D8B-84F3-A5FE06117DFB}.Ad-Hoc|iPhoneSimulator.ActiveCfg = Debug|Any CPU
		{01873555-EE98-4D8B-84F3-A5FE06117DFB}.Ad-Hoc|iPhoneSimulator.Build.0 = Debug|Any CPU
		{01873555-EE98-4D8B-84F3-A5FE06117DFB}.Ad-Hoc|x64.ActiveCfg = Debug|Any CPU
		{01873555-EE98-4D8B-84F3-A5FE06117DFB}.Ad-Hoc|x64.Build.0 = Debug|Any CPU
		{01873555-EE98-4D8B-84F3-A5FE06117DFB}.Ad-Hoc|x86.ActiveCfg = Debug|Any CPU
		{01873555-EE98-4D8B-84F3-A5FE06117DFB}.Ad-Hoc|x86.Build.0 = Debug|Any CPU
		{01873555-EE98-4D8B-84F3-A5FE06117DFB}.AppStore|Any CPU.ActiveCfg = Debug|Any CPU
		{01873555-EE98-4D8B-84F3-A5FE06117DFB}.AppStore|Any CPU.Build.0 = Debug|Any CPU
		{01873555-EE98-4D8B-84F3-A5FE06117DFB}.AppStore|ARM.ActiveCfg = Debug|Any CPU
		{01873555-EE98-4D8B-84F3-A5FE06117DFB}.AppStore|ARM.Build.0 = Debug|Any CPU
		{01873555-EE98-4D8B-84F3-A5FE06117DFB}.AppStore|iPhone.ActiveCfg = Debug|Any CPU
		{01873555-EE98-4D8B-84F3-A5FE06117DFB}.AppStore|iPhone.Build.0 = Debug|Any CPU
		{01873555-EE98-4D8B-84F3-A5FE06117DFB}.AppStore|iPhoneSimulator.ActiveCfg = Debug|Any CPU
		{01873555-EE98-4D8B-84F3-A5FE06117DFB}.AppStore|iPhoneSimulator.Build.0 = Debug|Any CPU
		{01873555-EE98-4D8B-84F3-A5FE06117DFB}.AppStore|x64.ActiveCfg = Debug|Any CPU
		{01873555-EE98-4D8B-84F3-A5FE06117DFB}.AppStore|x64.Build.0 = Debug|Any CPU
		{01873555-EE98-4D8B-84F3-A5FE06117DFB}.AppStore|x86.ActiveCfg = Debug|Any CPU
		{01873555-EE98-4D8B-84F3-A5FE06117DFB}.AppStore|x86.Build.0 = Debug|Any CPU
		{01873555-EE98-4D8B-84F3-A5FE06117DFB}.Debug|Any CPU.ActiveCfg = Debug|Any CPU
		{01873555-EE98-4D8B-84F3-A5FE06117DFB}.Debug|Any CPU.Build.0 = Debug|Any CPU
		{01873555-EE98-4D8B-84F3-A5FE06117DFB}.Debug|ARM.ActiveCfg = Debug|Any CPU
		{01873555-EE98-4D8B-84F3-A5FE06117DFB}.Debug|ARM.Build.0 = Debug|Any CPU
		{01873555-EE98-4D8B-84F3-A5FE06117DFB}.Debug|iPhone.ActiveCfg = Debug|Any CPU
		{01873555-EE98-4D8B-84F3-A5FE06117DFB}.Debug|iPhone.Build.0 = Debug|Any CPU
		{01873555-EE98-4D8B-84F3-A5FE06117DFB}.Debug|iPhoneSimulator.ActiveCfg = Debug|Any CPU
		{01873555-EE98-4D8B-84F3-A5FE06117DFB}.Debug|iPhoneSimulator.Build.0 = Debug|Any CPU
		{01873555-EE98-4D8B-84F3-A5FE06117DFB}.Debug|x64.ActiveCfg = Debug|Any CPU
		{01873555-EE98-4D8B-84F3-A5FE06117DFB}.Debug|x64.Build.0 = Debug|Any CPU
		{01873555-EE98-4D8B-84F3-A5FE06117DFB}.Debug|x86.ActiveCfg = Debug|Any CPU
		{01873555-EE98-4D8B-84F3-A5FE06117DFB}.Debug|x86.Build.0 = Debug|Any CPU
		{01873555-EE98-4D8B-84F3-A5FE06117DFB}.Release|Any CPU.ActiveCfg = Release|Any CPU
		{01873555-EE98-4D8B-84F3-A5FE06117DFB}.Release|Any CPU.Build.0 = Release|Any CPU
		{01873555-EE98-4D8B-84F3-A5FE06117DFB}.Release|ARM.ActiveCfg = Release|Any CPU
		{01873555-EE98-4D8B-84F3-A5FE06117DFB}.Release|ARM.Build.0 = Release|Any CPU
		{01873555-EE98-4D8B-84F3-A5FE06117DFB}.Release|iPhone.ActiveCfg = Release|Any CPU
		{01873555-EE98-4D8B-84F3-A5FE06117DFB}.Release|iPhone.Build.0 = Release|Any CPU
		{01873555-EE98-4D8B-84F3-A5FE06117DFB}.Release|iPhoneSimulator.ActiveCfg = Release|Any CPU
		{01873555-EE98-4D8B-84F3-A5FE06117DFB}.Release|iPhoneSimulator.Build.0 = Release|Any CPU
		{01873555-EE98-4D8B-84F3-A5FE06117DFB}.Release|x64.ActiveCfg = Release|Any CPU
		{01873555-EE98-4D8B-84F3-A5FE06117DFB}.Release|x64.Build.0 = Release|Any CPU
		{01873555-EE98-4D8B-84F3-A5FE06117DFB}.Release|x86.ActiveCfg = Release|Any CPU
		{01873555-EE98-4D8B-84F3-A5FE06117DFB}.Release|x86.Build.0 = Release|Any CPU
		{E0C1F4B1-9FCE-4C13-A136-82EA7A123B32}.Ad-Hoc|Any CPU.ActiveCfg = Debug|Any CPU
		{E0C1F4B1-9FCE-4C13-A136-82EA7A123B32}.Ad-Hoc|Any CPU.Build.0 = Debug|Any CPU
		{E0C1F4B1-9FCE-4C13-A136-82EA7A123B32}.Ad-Hoc|ARM.ActiveCfg = Debug|Any CPU
		{E0C1F4B1-9FCE-4C13-A136-82EA7A123B32}.Ad-Hoc|ARM.Build.0 = Debug|Any CPU
		{E0C1F4B1-9FCE-4C13-A136-82EA7A123B32}.Ad-Hoc|iPhone.ActiveCfg = Debug|Any CPU
		{E0C1F4B1-9FCE-4C13-A136-82EA7A123B32}.Ad-Hoc|iPhone.Build.0 = Debug|Any CPU
		{E0C1F4B1-9FCE-4C13-A136-82EA7A123B32}.Ad-Hoc|iPhoneSimulator.ActiveCfg = Debug|Any CPU
		{E0C1F4B1-9FCE-4C13-A136-82EA7A123B32}.Ad-Hoc|iPhoneSimulator.Build.0 = Debug|Any CPU
		{E0C1F4B1-9FCE-4C13-A136-82EA7A123B32}.Ad-Hoc|x64.ActiveCfg = Debug|Any CPU
		{E0C1F4B1-9FCE-4C13-A136-82EA7A123B32}.Ad-Hoc|x64.Build.0 = Debug|Any CPU
		{E0C1F4B1-9FCE-4C13-A136-82EA7A123B32}.Ad-Hoc|x86.ActiveCfg = Debug|Any CPU
		{E0C1F4B1-9FCE-4C13-A136-82EA7A123B32}.Ad-Hoc|x86.Build.0 = Debug|Any CPU
		{E0C1F4B1-9FCE-4C13-A136-82EA7A123B32}.AppStore|Any CPU.ActiveCfg = Debug|Any CPU
		{E0C1F4B1-9FCE-4C13-A136-82EA7A123B32}.AppStore|Any CPU.Build.0 = Debug|Any CPU
		{E0C1F4B1-9FCE-4C13-A136-82EA7A123B32}.AppStore|ARM.ActiveCfg = Debug|Any CPU
		{E0C1F4B1-9FCE-4C13-A136-82EA7A123B32}.AppStore|ARM.Build.0 = Debug|Any CPU
		{E0C1F4B1-9FCE-4C13-A136-82EA7A123B32}.AppStore|iPhone.ActiveCfg = Debug|Any CPU
		{E0C1F4B1-9FCE-4C13-A136-82EA7A123B32}.AppStore|iPhone.Build.0 = Debug|Any CPU
		{E0C1F4B1-9FCE-4C13-A136-82EA7A123B32}.AppStore|iPhoneSimulator.ActiveCfg = Debug|Any CPU
		{E0C1F4B1-9FCE-4C13-A136-82EA7A123B32}.AppStore|iPhoneSimulator.Build.0 = Debug|Any CPU
		{E0C1F4B1-9FCE-4C13-A136-82EA7A123B32}.AppStore|x64.ActiveCfg = Debug|Any CPU
		{E0C1F4B1-9FCE-4C13-A136-82EA7A123B32}.AppStore|x64.Build.0 = Debug|Any CPU
		{E0C1F4B1-9FCE-4C13-A136-82EA7A123B32}.AppStore|x86.ActiveCfg = Debug|Any CPU
		{E0C1F4B1-9FCE-4C13-A136-82EA7A123B32}.AppStore|x86.Build.0 = Debug|Any CPU
		{E0C1F4B1-9FCE-4C13-A136-82EA7A123B32}.Debug|Any CPU.ActiveCfg = Debug|Any CPU
		{E0C1F4B1-9FCE-4C13-A136-82EA7A123B32}.Debug|Any CPU.Build.0 = Debug|Any CPU
		{E0C1F4B1-9FCE-4C13-A136-82EA7A123B32}.Debug|ARM.ActiveCfg = Debug|Any CPU
		{E0C1F4B1-9FCE-4C13-A136-82EA7A123B32}.Debug|ARM.Build.0 = Debug|Any CPU
		{E0C1F4B1-9FCE-4C13-A136-82EA7A123B32}.Debug|iPhone.ActiveCfg = Debug|Any CPU
		{E0C1F4B1-9FCE-4C13-A136-82EA7A123B32}.Debug|iPhone.Build.0 = Debug|Any CPU
		{E0C1F4B1-9FCE-4C13-A136-82EA7A123B32}.Debug|iPhoneSimulator.ActiveCfg = Debug|Any CPU
		{E0C1F4B1-9FCE-4C13-A136-82EA7A123B32}.Debug|iPhoneSimulator.Build.0 = Debug|Any CPU
		{E0C1F4B1-9FCE-4C13-A136-82EA7A123B32}.Debug|x64.ActiveCfg = Debug|Any CPU
		{E0C1F4B1-9FCE-4C13-A136-82EA7A123B32}.Debug|x64.Build.0 = Debug|Any CPU
		{E0C1F4B1-9FCE-4C13-A136-82EA7A123B32}.Debug|x86.ActiveCfg = Debug|Any CPU
		{E0C1F4B1-9FCE-4C13-A136-82EA7A123B32}.Debug|x86.Build.0 = Debug|Any CPU
		{E0C1F4B1-9FCE-4C13-A136-82EA7A123B32}.Release|Any CPU.ActiveCfg = Release|Any CPU
		{E0C1F4B1-9FCE-4C13-A136-82EA7A123B32}.Release|Any CPU.Build.0 = Release|Any CPU
		{E0C1F4B1-9FCE-4C13-A136-82EA7A123B32}.Release|ARM.ActiveCfg = Release|Any CPU
		{E0C1F4B1-9FCE-4C13-A136-82EA7A123B32}.Release|ARM.Build.0 = Release|Any CPU
		{E0C1F4B1-9FCE-4C13-A136-82EA7A123B32}.Release|iPhone.ActiveCfg = Release|Any CPU
		{E0C1F4B1-9FCE-4C13-A136-82EA7A123B32}.Release|iPhone.Build.0 = Release|Any CPU
		{E0C1F4B1-9FCE-4C13-A136-82EA7A123B32}.Release|iPhoneSimulator.ActiveCfg = Release|Any CPU
		{E0C1F4B1-9FCE-4C13-A136-82EA7A123B32}.Release|iPhoneSimulator.Build.0 = Release|Any CPU
		{E0C1F4B1-9FCE-4C13-A136-82EA7A123B32}.Release|x64.ActiveCfg = Release|Any CPU
		{E0C1F4B1-9FCE-4C13-A136-82EA7A123B32}.Release|x64.Build.0 = Release|Any CPU
		{E0C1F4B1-9FCE-4C13-A136-82EA7A123B32}.Release|x86.ActiveCfg = Release|Any CPU
		{E0C1F4B1-9FCE-4C13-A136-82EA7A123B32}.Release|x86.Build.0 = Release|Any CPU
	EndGlobalSection
	GlobalSection(SolutionProperties) = preSolution
		HideSolutionNode = FALSE
	EndGlobalSection
	GlobalSection(ExtensibilityGlobals) = postSolution
		SolutionGuid = {F0FCB074-E93E-4A69-B924-150E8FA2B656}
	EndGlobalSection
EndGlobal
